{
  "version": 4,
  "terraform_version": "1.11.4",
  "serial": 117,
  "lineage": "daa55921-9b14-80e0-512d-d22b397adb52",
  "outputs": {},
  "resources": [
    {
      "mode": "data",
      "type": "http",
      "name": "myip",
      "provider": "provider[\"registry.terraform.io/hashicorp/http\"]",
      "instances": [
        {
          "schema_version": 0,
          "attributes": {
            "body": "{\n  \"ip\": \"108.207.98.235\",\n  \"hostname\": \"108-207-98-235.lightspeed.cicril.sbcglobal.net\",\n  \"city\": \"Cumming\",\n  \"region\": \"Georgia\",\n  \"country\": \"US\",\n  \"loc\": \"34.2073,-84.1402\",\n  \"org\": \"AS7018 AT\u0026T Enterprises, LLC\",\n  \"postal\": \"30040\",\n  \"timezone\": \"America/New_York\",\n  \"readme\": \"https://ipinfo.io/missingauth\"\n}",
            "ca_cert_pem": null,
            "client_cert_pem": null,
            "client_key_pem": null,
            "id": "https://ipinfo.io/json",
            "insecure": null,
            "method": null,
            "request_body": null,
            "request_headers": null,
            "request_timeout_ms": null,
            "response_body": "{\n  \"ip\": \"108.207.98.235\",\n  \"hostname\": \"108-207-98-235.lightspeed.cicril.sbcglobal.net\",\n  \"city\": \"Cumming\",\n  \"region\": \"Georgia\",\n  \"country\": \"US\",\n  \"loc\": \"34.2073,-84.1402\",\n  \"org\": \"AS7018 AT\u0026T Enterprises, LLC\",\n  \"postal\": \"30040\",\n  \"timezone\": \"America/New_York\",\n  \"readme\": \"https://ipinfo.io/missingauth\"\n}",
            "response_body_base64": "ewogICJpcCI6ICIxMDguMjA3Ljk4LjIzNSIsCiAgImhvc3RuYW1lIjogIjEwOC0yMDctOTgtMjM1LmxpZ2h0c3BlZWQuY2ljcmlsLnNiY2dsb2JhbC5uZXQiLAogICJjaXR5IjogIkN1bW1pbmciLAogICJyZWdpb24iOiAiR2VvcmdpYSIsCiAgImNvdW50cnkiOiAiVVMiLAogICJsb2MiOiAiMzQuMjA3MywtODQuMTQwMiIsCiAgIm9yZyI6ICJBUzcwMTggQVQmVCBFbnRlcnByaXNlcywgTExDIiwKICAicG9zdGFsIjogIjMwMDQwIiwKICAidGltZXpvbmUiOiAiQW1lcmljYS9OZXdfWW9yayIsCiAgInJlYWRtZSI6ICJodHRwczovL2lwaW5mby5pby9taXNzaW5nYXV0aCIKfQ==",
            "response_headers": {
              "Access-Control-Allow-Origin": "*",
              "Alt-Svc": "h3=\":443\"; ma=2592000,h3-29=\":443\"; ma=2592000",
              "Content-Type": "application/json; charset=utf-8",
              "Date": "Wed, 30 Apr 2025 03:33:53 GMT",
              "Strict-Transport-Security": "max-age=2592000; includeSubDomains",
              "Vary": "accept-encoding",
              "Via": "1.1 google",
              "X-Content-Type-Options": "nosniff"
            },
            "retry": null,
            "status_code": 200,
            "url": "https://ipinfo.io/json"
          },
          "sensitive_attributes": []
        }
      ]
    },
    {
      "mode": "managed",
      "type": "aws_eip",
      "name": "terraform_eip",
      "provider": "provider[\"registry.terraform.io/hashicorp/aws\"]",
      "instances": [
        {
          "schema_version": 0,
          "attributes": {
            "address": null,
            "allocation_id": "eipalloc-0678f95338ab3a12b",
            "associate_with_private_ip": null,
            "association_id": "",
            "carrier_ip": "",
            "customer_owned_ip": "",
            "customer_owned_ipv4_pool": "",
            "domain": "vpc",
            "id": "eipalloc-0678f95338ab3a12b",
            "instance": "",
            "network_border_group": "us-east-2",
            "network_interface": "",
            "private_dns": null,
            "private_ip": "",
            "public_dns": "ec2-3-22-20-163.us-east-2.compute.amazonaws.com",
            "public_ip": "3.22.20.163",
            "public_ipv4_pool": "amazon",
            "tags": null,
            "tags_all": {},
            "timeouts": null,
            "vpc": true
          },
          "sensitive_attributes": [],
          "private": "eyJlMmJmYjczMC1lY2FhLTExZTYtOGY4OC0zNDM2M2JjN2M0YzAiOnsiZGVsZXRlIjoxODAwMDAwMDAwMDAsInJlYWQiOjkwMDAwMDAwMDAwMCwidXBkYXRlIjozMDAwMDAwMDAwMDB9fQ==",
          "dependencies": [
            "aws_internet_gateway.terraform_gw",
            "aws_vpc.dip_terraform"
          ]
        }
      ]
    },
    {
      "mode": "managed",
      "type": "aws_instance",
      "name": "app_server_bastion",
      "provider": "provider[\"registry.terraform.io/hashicorp/aws\"]",
      "instances": [
        {
          "schema_version": 1,
          "attributes": {
            "ami": "ami-060a84cbcb5c14844",
            "arn": "arn:aws:ec2:us-east-2:216893445815:instance/i-0a864e8375a4a2652",
            "associate_public_ip_address": true,
            "availability_zone": "us-east-2b",
            "capacity_reservation_specification": [
              {
                "capacity_reservation_preference": "open",
                "capacity_reservation_target": []
              }
            ],
            "cpu_core_count": 1,
            "cpu_options": [
              {
                "amd_sev_snp": "",
                "core_count": 1,
                "threads_per_core": 1
              }
            ],
            "cpu_threads_per_core": 1,
            "credit_specification": [
              {
                "cpu_credits": "standard"
              }
            ],
            "disable_api_stop": false,
            "disable_api_termination": false,
            "ebs_block_device": [],
            "ebs_optimized": false,
            "enclave_options": [
              {
                "enabled": false
              }
            ],
            "ephemeral_block_device": [],
            "get_password_data": false,
            "hibernation": false,
            "host_id": "",
            "host_resource_group_arn": null,
            "iam_instance_profile": "",
            "id": "i-0a864e8375a4a2652",
            "instance_initiated_shutdown_behavior": "stop",
            "instance_state": "running",
            "instance_type": "t2.micro",
            "ipv6_address_count": 0,
            "ipv6_addresses": [],
            "key_name": "dip_terraform_key",
            "launch_template": [],
            "maintenance_options": [
              {
                "auto_recovery": "default"
              }
            ],
            "metadata_options": [
              {
                "http_endpoint": "enabled",
                "http_put_response_hop_limit": 2,
                "http_tokens": "required",
                "instance_metadata_tags": "disabled"
              }
            ],
            "monitoring": false,
            "network_interface": [],
            "outpost_arn": "",
            "password_data": "",
            "placement_group": "",
            "placement_partition_number": 0,
            "primary_network_interface_id": "eni-0a244c237aacb5f7a",
            "private_dns": "ip-10-0-0-41.us-east-2.compute.internal",
            "private_dns_name_options": [
              {
                "enable_resource_name_dns_a_record": false,
                "enable_resource_name_dns_aaaa_record": false,
                "hostname_type": "ip-name"
              }
            ],
            "private_ip": "10.0.0.41",
            "public_dns": "",
            "public_ip": "3.12.197.213",
            "root_block_device": [
              {
                "delete_on_termination": true,
                "device_name": "/dev/xvda",
                "encrypted": false,
                "iops": 3000,
                "kms_key_id": "",
                "tags": {},
                "throughput": 125,
                "volume_id": "vol-0c98871f6fdb650f7",
                "volume_size": 8,
                "volume_type": "gp3"
              }
            ],
            "secondary_private_ips": [],
            "security_groups": [],
            "source_dest_check": true,
            "subnet_id": "subnet-012c565580787cf43",
            "tags": {
              "Name": "TerraformBastionServerInstance"
            },
            "tags_all": {
              "Name": "TerraformBastionServerInstance"
            },
            "tenancy": "default",
            "timeouts": null,
            "user_data": null,
            "user_data_base64": null,
            "user_data_replace_on_change": false,
            "volume_tags": null,
            "vpc_security_group_ids": [
              "sg-07643a7582f7bd63a"
            ]
          },
          "sensitive_attributes": [],
          "private": "eyJlMmJmYjczMC1lY2FhLTExZTYtOGY4OC0zNDM2M2JjN2M0YzAiOnsiY3JlYXRlIjo2MDAwMDAwMDAwMDAsImRlbGV0ZSI6MTIwMDAwMDAwMDAwMCwidXBkYXRlIjo2MDAwMDAwMDAwMDB9LCJzY2hlbWFfdmVyc2lvbiI6IjEifQ==",
          "dependencies": [
            "aws_key_pair.key_pair",
            "aws_security_group.terraform_bastion_sg",
            "aws_subnet.dip_terraform_public_subnet",
            "aws_vpc.dip_terraform",
            "data.http.myip",
            "tls_private_key.private_key"
          ]
        }
      ]
    },
    {
      "mode": "managed",
      "type": "aws_instance",
      "name": "app_server_private",
      "provider": "provider[\"registry.terraform.io/hashicorp/aws\"]",
      "instances": [
        {
          "schema_version": 1,
          "attributes": {
            "ami": "ami-060a84cbcb5c14844",
            "arn": "arn:aws:ec2:us-east-2:216893445815:instance/i-08c8ea3147c483b8d",
            "associate_public_ip_address": false,
            "availability_zone": "us-east-2c",
            "capacity_reservation_specification": [
              {
                "capacity_reservation_preference": "open",
                "capacity_reservation_target": []
              }
            ],
            "cpu_core_count": 1,
            "cpu_options": [
              {
                "amd_sev_snp": "",
                "core_count": 1,
                "threads_per_core": 1
              }
            ],
            "cpu_threads_per_core": 1,
            "credit_specification": [
              {
                "cpu_credits": "standard"
              }
            ],
            "disable_api_stop": false,
            "disable_api_termination": false,
            "ebs_block_device": [],
            "ebs_optimized": false,
            "enclave_options": [
              {
                "enabled": false
              }
            ],
            "ephemeral_block_device": [],
            "get_password_data": false,
            "hibernation": false,
            "host_id": "",
            "host_resource_group_arn": null,
            "iam_instance_profile": "",
            "id": "i-08c8ea3147c483b8d",
            "instance_initiated_shutdown_behavior": "stop",
            "instance_state": "running",
            "instance_type": "t2.micro",
            "ipv6_address_count": 0,
            "ipv6_addresses": [],
            "key_name": "dip_terraform_key",
            "launch_template": [],
            "maintenance_options": [
              {
                "auto_recovery": "default"
              }
            ],
            "metadata_options": [
              {
                "http_endpoint": "enabled",
                "http_put_response_hop_limit": 2,
                "http_tokens": "required",
                "instance_metadata_tags": "disabled"
              }
            ],
            "monitoring": false,
            "network_interface": [],
            "outpost_arn": "",
            "password_data": "",
            "placement_group": "",
            "placement_partition_number": 0,
            "primary_network_interface_id": "eni-0fbaea6bab0fb9a30",
            "private_dns": "ip-10-0-0-162.us-east-2.compute.internal",
            "private_dns_name_options": [
              {
                "enable_resource_name_dns_a_record": false,
                "enable_resource_name_dns_aaaa_record": false,
                "hostname_type": "ip-name"
              }
            ],
            "private_ip": "10.0.0.162",
            "public_dns": "",
            "public_ip": "",
            "root_block_device": [
              {
                "delete_on_termination": true,
                "device_name": "/dev/xvda",
                "encrypted": false,
                "iops": 3000,
                "kms_key_id": "",
                "tags": {},
                "throughput": 125,
                "volume_id": "vol-082b83d26bda8af96",
                "volume_size": 8,
                "volume_type": "gp3"
              }
            ],
            "secondary_private_ips": [],
            "security_groups": [],
            "source_dest_check": true,
            "subnet_id": "subnet-045bbb0b0ae4ea1e3",
            "tags": {
              "Name": "TerraformPrivateServerInstance"
            },
            "tags_all": {
              "Name": "TerraformPrivateServerInstance"
            },
            "tenancy": "default",
            "timeouts": null,
            "user_data": null,
            "user_data_base64": null,
            "user_data_replace_on_change": false,
            "volume_tags": null,
            "vpc_security_group_ids": [
              "sg-07c143162172540a0"
            ]
          },
          "sensitive_attributes": [],
          "private": "eyJlMmJmYjczMC1lY2FhLTExZTYtOGY4OC0zNDM2M2JjN2M0YzAiOnsiY3JlYXRlIjo2MDAwMDAwMDAwMDAsImRlbGV0ZSI6MTIwMDAwMDAwMDAwMCwidXBkYXRlIjo2MDAwMDAwMDAwMDB9LCJzY2hlbWFfdmVyc2lvbiI6IjEifQ==",
          "dependencies": [
            "aws_key_pair.key_pair",
            "aws_security_group.terraform_bastion_sg",
            "aws_security_group.terraform_private_sg",
            "aws_subnet.dip_terraform_private_subnet",
            "aws_vpc.dip_terraform",
            "data.http.myip",
            "tls_private_key.private_key"
          ]
        }
      ]
    },
    {
      "mode": "managed",
      "type": "aws_instance",
      "name": "app_server_public",
      "provider": "provider[\"registry.terraform.io/hashicorp/aws\"]",
      "instances": [
        {
          "schema_version": 1,
          "attributes": {
            "ami": "ami-060a84cbcb5c14844",
            "arn": "arn:aws:ec2:us-east-2:216893445815:instance/i-0fe004e88ddc92a79",
            "associate_public_ip_address": true,
            "availability_zone": "us-east-2b",
            "capacity_reservation_specification": [
              {
                "capacity_reservation_preference": "open",
                "capacity_reservation_target": []
              }
            ],
            "cpu_core_count": 1,
            "cpu_options": [
              {
                "amd_sev_snp": "",
                "core_count": 1,
                "threads_per_core": 1
              }
            ],
            "cpu_threads_per_core": 1,
            "credit_specification": [
              {
                "cpu_credits": "standard"
              }
            ],
            "disable_api_stop": false,
            "disable_api_termination": false,
            "ebs_block_device": [],
            "ebs_optimized": false,
            "enclave_options": [
              {
                "enabled": false
              }
            ],
            "ephemeral_block_device": [],
            "get_password_data": false,
            "hibernation": false,
            "host_id": "",
            "host_resource_group_arn": null,
            "iam_instance_profile": "",
            "id": "i-0fe004e88ddc92a79",
            "instance_initiated_shutdown_behavior": "stop",
            "instance_state": "running",
            "instance_type": "t2.micro",
            "ipv6_address_count": 0,
            "ipv6_addresses": [],
            "key_name": "dip_terraform_key",
            "launch_template": [],
            "maintenance_options": [
              {
                "auto_recovery": "default"
              }
            ],
            "metadata_options": [
              {
                "http_endpoint": "enabled",
                "http_put_response_hop_limit": 2,
                "http_tokens": "required",
                "instance_metadata_tags": "disabled"
              }
            ],
            "monitoring": false,
            "network_interface": [],
            "outpost_arn": "",
            "password_data": "",
            "placement_group": "",
            "placement_partition_number": 0,
            "primary_network_interface_id": "eni-041dd7f467149faae",
            "private_dns": "ip-10-0-0-87.us-east-2.compute.internal",
            "private_dns_name_options": [
              {
                "enable_resource_name_dns_a_record": false,
                "enable_resource_name_dns_aaaa_record": false,
                "hostname_type": "ip-name"
              }
            ],
            "private_ip": "10.0.0.87",
            "public_dns": "",
            "public_ip": "3.135.232.98",
            "root_block_device": [
              {
                "delete_on_termination": true,
                "device_name": "/dev/xvda",
                "encrypted": false,
                "iops": 3000,
                "kms_key_id": "",
                "tags": {},
                "throughput": 125,
                "volume_id": "vol-0f1667626e3f601f1",
                "volume_size": 8,
                "volume_type": "gp3"
              }
            ],
            "secondary_private_ips": [],
            "security_groups": [],
            "source_dest_check": true,
            "subnet_id": "subnet-012c565580787cf43",
            "tags": {
              "Name": "TerraformPublicServerInstance"
            },
            "tags_all": {
              "Name": "TerraformPublicServerInstance"
            },
            "tenancy": "default",
            "timeouts": null,
            "user_data": null,
            "user_data_base64": null,
            "user_data_replace_on_change": false,
            "volume_tags": null,
            "vpc_security_group_ids": [
              "sg-0635ae1057c568dd5"
            ]
          },
          "sensitive_attributes": [],
          "private": "eyJlMmJmYjczMC1lY2FhLTExZTYtOGY4OC0zNDM2M2JjN2M0YzAiOnsiY3JlYXRlIjo2MDAwMDAwMDAwMDAsImRlbGV0ZSI6MTIwMDAwMDAwMDAwMCwidXBkYXRlIjo2MDAwMDAwMDAwMDB9LCJzY2hlbWFfdmVyc2lvbiI6IjEifQ==",
          "dependencies": [
            "aws_key_pair.key_pair",
            "aws_security_group.terraform_public_sg",
            "aws_subnet.dip_terraform_public_subnet",
            "aws_vpc.dip_terraform",
            "data.http.myip",
            "tls_private_key.private_key"
          ]
        }
      ]
    },
    {
      "mode": "managed",
      "type": "aws_internet_gateway",
      "name": "terraform_gw",
      "provider": "provider[\"registry.terraform.io/hashicorp/aws\"]",
      "instances": [
        {
          "schema_version": 0,
          "attributes": {
            "arn": "arn:aws:ec2:us-east-2:216893445815:internet-gateway/igw-06872cd8b72c6d88c",
            "id": "igw-06872cd8b72c6d88c",
            "owner_id": "216893445815",
            "tags": {
              "Name": "terraform_gw"
            },
            "tags_all": {
              "Name": "terraform_gw"
            },
            "timeouts": null,
            "vpc_id": "vpc-0e8d481555ef1ba83"
          },
          "sensitive_attributes": [],
          "private": "eyJlMmJmYjczMC1lY2FhLTExZTYtOGY4OC0zNDM2M2JjN2M0YzAiOnsiY3JlYXRlIjoxMjAwMDAwMDAwMDAwLCJkZWxldGUiOjEyMDAwMDAwMDAwMDAsInVwZGF0ZSI6MTIwMDAwMDAwMDAwMH19",
          "dependencies": [
            "aws_vpc.dip_terraform"
          ]
        }
      ]
    },
    {
      "mode": "managed",
      "type": "aws_key_pair",
      "name": "key_pair",
      "provider": "provider[\"registry.terraform.io/hashicorp/aws\"]",
      "instances": [
        {
          "schema_version": 1,
          "attributes": {
            "arn": "arn:aws:ec2:us-east-2:216893445815:key-pair/dip_terraform_key",
            "fingerprint": "d2:f8:ec:ee:13:a9:d8:e5:29:38:a6:18:db:9a:2f:da",
            "id": "dip_terraform_key",
            "key_name": "dip_terraform_key",
            "key_name_prefix": "",
            "key_pair_id": "key-0af3e7961dbfca565",
            "key_type": "rsa",
            "public_key": "ssh-rsa AAAAB3NzaC1yc2EAAAADAQABAAACAQDIS46RzQSLJWzFgjzv748FB4xFAVI6zxv1SX4VOocwYbCYYrlXy4gLBRxwZ9B/zlHsnkxhvh3nnyp0AtQqJwHHZNpQZVYXyb15LGn94lFKnBA7Igpj1ldqStzdLo9uFt0dvPplrrmTrD/Fxsag+eacT3ugzi6k6iyAQak9iR2n3YDr1N/8Njx3PGqr1YuyNU7g/9gg2qjn2yDD1/DFdlvNRTF3hLNFzpO44c8JARQ7PdaIImkpWcaP/w/SOAy3K6s5HYU2uk9wmbA/5B0GMVoRmi6P3t/FLivkJOYsOqX2MjzFDonBokzrzFaSB9d2Kby4MFXN+HJzSOeSy4bgjkm5wGXSfXgAyslU6AYH+iJxxeTpeRuK+619enUaLcfmA6Hhgxdbr9+ElqrxUSH8ghVi6vDNOkOHZFjijqIVlRSCuIw7aY0ycKZBbyVgsEBQAmWTFQKFMLX/N9am+lTyv8n0ZSH58ZQZNg2t/tQLTHAwHWZ0sy/Hvh6m4tw3QtySGNgaQdH3RnrwD1P8bFevlGrfKkwEmNkWAzvwJBio/tw3lWhlLIDWL1T+POSeK4Q/d5qIZchqof5i8uu4pp3RTtfAqNlx6rPOfF8U3MAD6F1Ta06lK8uR2ZgvjYmkQMCRJTC6LVeTZn0Epo5xbF39wMG0klzS8kxjIaRu/sjEM4wKNQ==",
            "tags": {},
            "tags_all": {}
          },
          "sensitive_attributes": [],
          "private": "eyJzY2hlbWFfdmVyc2lvbiI6IjEifQ==",
          "dependencies": [
            "tls_private_key.private_key"
          ]
        }
      ]
    },
    {
      "mode": "managed",
      "type": "aws_nat_gateway",
      "name": "terraform_nat_gw",
      "provider": "provider[\"registry.terraform.io/hashicorp/aws\"]",
      "instances": [
        {
          "schema_version": 0,
          "attributes": {
            "allocation_id": "eipalloc-0678f95338ab3a12b",
            "association_id": "eipassoc-0a42c247259ec65bf",
            "connectivity_type": "public",
            "id": "nat-0773d3211477a832a",
            "network_interface_id": "eni-01a1fbd2e222bf6ac",
            "private_ip": "10.0.0.150",
            "public_ip": "3.22.20.163",
            "subnet_id": "subnet-045bbb0b0ae4ea1e3",
            "tags": {
              "Name": "terraform_NATgw"
            },
            "tags_all": {
              "Name": "terraform_NATgw"
            }
          },
          "sensitive_attributes": [],
          "private": "bnVsbA==",
          "dependencies": [
            "aws_eip.terraform_eip",
            "aws_internet_gateway.terraform_gw",
            "aws_subnet.dip_terraform_private_subnet",
            "aws_vpc.dip_terraform"
          ]
        }
      ]
    },
    {
      "mode": "managed",
      "type": "aws_route_table",
      "name": "terraform_private_rtable",
      "provider": "provider[\"registry.terraform.io/hashicorp/aws\"]",
      "instances": [
        {
          "schema_version": 0,
          "attributes": {
            "arn": "arn:aws:ec2:us-east-2:216893445815:route-table/rtb-0839ab1fbc0f232b3",
            "id": "rtb-0839ab1fbc0f232b3",
            "owner_id": "216893445815",
            "propagating_vgws": [],
            "route": [
              {
                "carrier_gateway_id": "",
                "cidr_block": "0.0.0.0/0",
                "core_network_arn": "",
                "destination_prefix_list_id": "",
                "egress_only_gateway_id": "",
                "gateway_id": "nat-0773d3211477a832a",
                "instance_id": "",
                "ipv6_cidr_block": "",
                "local_gateway_id": "",
                "nat_gateway_id": "",
                "network_interface_id": "",
                "transit_gateway_id": "",
                "vpc_endpoint_id": "",
                "vpc_peering_connection_id": ""
              }
            ],
            "tags": {
              "Name": "terraform_private_rtable"
            },
            "tags_all": {
              "Name": "terraform_private_rtable"
            },
            "timeouts": null,
            "vpc_id": "vpc-0e8d481555ef1ba83"
          },
          "sensitive_attributes": [],
          "private": "eyJlMmJmYjczMC1lY2FhLTExZTYtOGY4OC0zNDM2M2JjN2M0YzAiOnsiY3JlYXRlIjozMDAwMDAwMDAwMDAsImRlbGV0ZSI6MzAwMDAwMDAwMDAwLCJ1cGRhdGUiOjEyMDAwMDAwMDAwMH19",
          "dependencies": [
            "aws_eip.terraform_eip",
            "aws_internet_gateway.terraform_gw",
            "aws_nat_gateway.terraform_nat_gw",
            "aws_subnet.dip_terraform_private_subnet",
            "aws_vpc.dip_terraform"
          ]
        }
      ]
    },
    {
      "mode": "managed",
      "type": "aws_route_table",
      "name": "terraform_public_rtable",
      "provider": "provider[\"registry.terraform.io/hashicorp/aws\"]",
      "instances": [
        {
          "schema_version": 0,
          "attributes": {
            "arn": "arn:aws:ec2:us-east-2:216893445815:route-table/rtb-03910b29d46ece22f",
            "id": "rtb-03910b29d46ece22f",
            "owner_id": "216893445815",
            "propagating_vgws": [],
            "route": [
              {
                "carrier_gateway_id": "",
                "cidr_block": "0.0.0.0/0",
                "core_network_arn": "",
                "destination_prefix_list_id": "",
                "egress_only_gateway_id": "",
                "gateway_id": "igw-06872cd8b72c6d88c",
                "instance_id": "",
                "ipv6_cidr_block": "",
                "local_gateway_id": "",
                "nat_gateway_id": "",
                "network_interface_id": "",
                "transit_gateway_id": "",
                "vpc_endpoint_id": "",
                "vpc_peering_connection_id": ""
              }
            ],
            "tags": {
              "Name": "terraform_public_rtable"
            },
            "tags_all": {
              "Name": "terraform_public_rtable"
            },
            "timeouts": null,
            "vpc_id": "vpc-0e8d481555ef1ba83"
          },
          "sensitive_attributes": [],
          "private": "eyJlMmJmYjczMC1lY2FhLTExZTYtOGY4OC0zNDM2M2JjN2M0YzAiOnsiY3JlYXRlIjozMDAwMDAwMDAwMDAsImRlbGV0ZSI6MzAwMDAwMDAwMDAwLCJ1cGRhdGUiOjEyMDAwMDAwMDAwMH19",
          "dependencies": [
            "aws_internet_gateway.terraform_gw",
            "aws_vpc.dip_terraform"
          ]
        }
      ]
    },
    {
      "mode": "managed",
      "type": "aws_route_table_association",
      "name": "terraform_private_rt_asso",
      "provider": "provider[\"registry.terraform.io/hashicorp/aws\"]",
      "instances": [
        {
          "schema_version": 0,
          "attributes": {
            "gateway_id": "",
            "id": "rtbassoc-0a0830eaf17ee7b94",
            "route_table_id": "rtb-0839ab1fbc0f232b3",
            "subnet_id": "subnet-045bbb0b0ae4ea1e3",
            "timeouts": null
          },
          "sensitive_attributes": [],
          "private": "eyJlMmJmYjczMC1lY2FhLTExZTYtOGY4OC0zNDM2M2JjN2M0YzAiOnsiY3JlYXRlIjozMDAwMDAwMDAwMDAsImRlbGV0ZSI6MzAwMDAwMDAwMDAwLCJ1cGRhdGUiOjEyMDAwMDAwMDAwMH19",
          "dependencies": [
            "aws_eip.terraform_eip",
            "aws_internet_gateway.terraform_gw",
            "aws_nat_gateway.terraform_nat_gw",
            "aws_route_table.terraform_private_rtable",
            "aws_subnet.dip_terraform_private_subnet",
            "aws_vpc.dip_terraform"
          ]
        }
      ]
    },
    {
      "mode": "managed",
      "type": "aws_route_table_association",
      "name": "terraform_public_rt_asso",
      "provider": "provider[\"registry.terraform.io/hashicorp/aws\"]",
      "instances": [
        {
          "schema_version": 0,
          "attributes": {
            "gateway_id": "",
            "id": "rtbassoc-00828b8b428cdb384",
            "route_table_id": "rtb-03910b29d46ece22f",
            "subnet_id": "subnet-012c565580787cf43",
            "timeouts": null
          },
          "sensitive_attributes": [],
          "private": "eyJlMmJmYjczMC1lY2FhLTExZTYtOGY4OC0zNDM2M2JjN2M0YzAiOnsiY3JlYXRlIjozMDAwMDAwMDAwMDAsImRlbGV0ZSI6MzAwMDAwMDAwMDAwLCJ1cGRhdGUiOjEyMDAwMDAwMDAwMH19",
          "dependencies": [
            "aws_internet_gateway.terraform_gw",
            "aws_route_table.terraform_public_rtable",
            "aws_subnet.dip_terraform_public_subnet",
            "aws_vpc.dip_terraform"
          ]
        }
      ]
    },
    {
      "mode": "managed",
      "type": "aws_security_group",
      "name": "terraform_bastion_sg",
      "provider": "provider[\"registry.terraform.io/hashicorp/aws\"]",
      "instances": [
        {
          "schema_version": 1,
          "attributes": {
            "arn": "arn:aws:ec2:us-east-2:216893445815:security-group/sg-07643a7582f7bd63a",
            "description": "Allow  SSH traffic from myip address and  all outbound traffic",
            "egress": [
              {
                "cidr_blocks": [
                  "0.0.0.0/0"
                ],
                "description": "",
                "from_port": 0,
                "ipv6_cidr_blocks": [],
                "prefix_list_ids": [],
                "protocol": "-1",
                "security_groups": [],
                "self": false,
                "to_port": 0
              }
            ],
            "id": "sg-07643a7582f7bd63a",
            "ingress": [
              {
                "cidr_blocks": [
                  "108.207.98.235/32"
                ],
                "description": "",
                "from_port": 22,
                "ipv6_cidr_blocks": [],
                "prefix_list_ids": [],
                "protocol": "tcp",
                "security_groups": [],
                "self": false,
                "to_port": 22
              }
            ],
            "name": "bastion_sg",
            "name_prefix": "",
            "owner_id": "216893445815",
            "revoke_rules_on_delete": false,
            "tags": {
              "Name": "terraform_bastion_sg"
            },
            "tags_all": {
              "Name": "terraform_bastion_sg"
            },
            "timeouts": null,
            "vpc_id": "vpc-0e8d481555ef1ba83"
          },
          "sensitive_attributes": [],
          "private": "eyJlMmJmYjczMC1lY2FhLTExZTYtOGY4OC0zNDM2M2JjN2M0YzAiOnsiY3JlYXRlIjo2MDAwMDAwMDAwMDAsImRlbGV0ZSI6OTAwMDAwMDAwMDAwfSwic2NoZW1hX3ZlcnNpb24iOiIxIn0=",
          "dependencies": [
            "aws_vpc.dip_terraform",
            "data.http.myip"
          ]
        }
      ]
    },
    {
      "mode": "managed",
      "type": "aws_security_group",
      "name": "terraform_private_sg",
      "provider": "provider[\"registry.terraform.io/hashicorp/aws\"]",
      "instances": [
        {
          "schema_version": 1,
          "attributes": {
            "arn": "arn:aws:ec2:us-east-2:216893445815:security-group/sg-07c143162172540a0",
            "description": "Allow TLS of Bastion host and SSH inbound traffic of public subnet and all outbound traffic",
            "egress": [
              {
                "cidr_blocks": [
                  "0.0.0.0/0"
                ],
                "description": "",
                "from_port": 0,
                "ipv6_cidr_blocks": [],
                "prefix_list_ids": [],
                "protocol": "-1",
                "security_groups": [],
                "self": false,
                "to_port": 0
              }
            ],
            "id": "sg-07c143162172540a0",
            "ingress": [
              {
                "cidr_blocks": [
                  "0.0.0.0/25"
                ],
                "description": "",
                "from_port": 80,
                "ipv6_cidr_blocks": [],
                "prefix_list_ids": [],
                "protocol": "tcp",
                "security_groups": [],
                "self": false,
                "to_port": 80
              },
              {
                "cidr_blocks": [],
                "description": "",
                "from_port": 22,
                "ipv6_cidr_blocks": [],
                "prefix_list_ids": [],
                "protocol": "tcp",
                "security_groups": [
                  "sg-07643a7582f7bd63a"
                ],
                "self": false,
                "to_port": 22
              }
            ],
            "name": "private_sg",
            "name_prefix": "",
            "owner_id": "216893445815",
            "revoke_rules_on_delete": false,
            "tags": {
              "Name": "terraform_private_sg"
            },
            "tags_all": {
              "Name": "terraform_private_sg"
            },
            "timeouts": null,
            "vpc_id": "vpc-0e8d481555ef1ba83"
          },
          "sensitive_attributes": [],
          "private": "eyJlMmJmYjczMC1lY2FhLTExZTYtOGY4OC0zNDM2M2JjN2M0YzAiOnsiY3JlYXRlIjo2MDAwMDAwMDAwMDAsImRlbGV0ZSI6OTAwMDAwMDAwMDAwfSwic2NoZW1hX3ZlcnNpb24iOiIxIn0=",
          "dependencies": [
            "aws_security_group.terraform_bastion_sg",
            "aws_vpc.dip_terraform",
            "data.http.myip"
          ]
        }
      ]
    },
    {
      "mode": "managed",
      "type": "aws_security_group",
      "name": "terraform_public_sg",
      "provider": "provider[\"registry.terraform.io/hashicorp/aws\"]",
      "instances": [
        {
          "schema_version": 1,
          "attributes": {
            "arn": "arn:aws:ec2:us-east-2:216893445815:security-group/sg-0635ae1057c568dd5",
            "description": "Allow TLS and SSH inbound traffic and all outbound traffic",
            "egress": [
              {
                "cidr_blocks": [
                  "0.0.0.0/0"
                ],
                "description": "",
                "from_port": 0,
                "ipv6_cidr_blocks": [],
                "prefix_list_ids": [],
                "protocol": "-1",
                "security_groups": [],
                "self": false,
                "to_port": 0
              }
            ],
            "id": "sg-0635ae1057c568dd5",
            "ingress": [
              {
                "cidr_blocks": [
                  "0.0.0.0/0"
                ],
                "description": "",
                "from_port": 80,
                "ipv6_cidr_blocks": [],
                "prefix_list_ids": [],
                "protocol": "tcp",
                "security_groups": [],
                "self": false,
                "to_port": 80
              },
              {
                "cidr_blocks": [
                  "108.207.98.235/32"
                ],
                "description": "",
                "from_port": 22,
                "ipv6_cidr_blocks": [],
                "prefix_list_ids": [],
                "protocol": "tcp",
                "security_groups": [],
                "self": false,
                "to_port": 22
              }
            ],
            "name": "public_sg",
            "name_prefix": "",
            "owner_id": "216893445815",
            "revoke_rules_on_delete": false,
            "tags": {
              "Name": "terraform_public_sg"
            },
            "tags_all": {
              "Name": "terraform_public_sg"
            },
            "timeouts": null,
            "vpc_id": "vpc-0e8d481555ef1ba83"
          },
          "sensitive_attributes": [],
          "private": "eyJlMmJmYjczMC1lY2FhLTExZTYtOGY4OC0zNDM2M2JjN2M0YzAiOnsiY3JlYXRlIjo2MDAwMDAwMDAwMDAsImRlbGV0ZSI6OTAwMDAwMDAwMDAwfSwic2NoZW1hX3ZlcnNpb24iOiIxIn0=",
          "dependencies": [
            "aws_vpc.dip_terraform",
            "data.http.myip"
          ]
        }
      ]
    },
    {
      "mode": "managed",
      "type": "aws_subnet",
      "name": "dip_terraform_private_subnet",
      "provider": "provider[\"registry.terraform.io/hashicorp/aws\"]",
      "instances": [
        {
          "schema_version": 1,
          "attributes": {
            "arn": "arn:aws:ec2:us-east-2:216893445815:subnet/subnet-045bbb0b0ae4ea1e3",
            "assign_ipv6_address_on_creation": false,
            "availability_zone": "us-east-2c",
            "availability_zone_id": "use2-az3",
            "cidr_block": "10.0.0.128/25",
            "customer_owned_ipv4_pool": "",
            "enable_dns64": false,
            "enable_lni_at_device_index": 0,
            "enable_resource_name_dns_a_record_on_launch": false,
            "enable_resource_name_dns_aaaa_record_on_launch": false,
            "id": "subnet-045bbb0b0ae4ea1e3",
            "ipv6_cidr_block": "",
            "ipv6_cidr_block_association_id": "",
            "ipv6_native": false,
            "map_customer_owned_ip_on_launch": false,
            "map_public_ip_on_launch": false,
            "outpost_arn": "",
            "owner_id": "216893445815",
            "private_dns_hostname_type_on_launch": "ip-name",
            "tags": {
              "Name": "dip_terraform_private_subnet"
            },
            "tags_all": {
              "Name": "dip_terraform_private_subnet"
            },
            "timeouts": null,
            "vpc_id": "vpc-0e8d481555ef1ba83"
          },
          "sensitive_attributes": [],
          "private": "eyJlMmJmYjczMC1lY2FhLTExZTYtOGY4OC0zNDM2M2JjN2M0YzAiOnsiY3JlYXRlIjo2MDAwMDAwMDAwMDAsImRlbGV0ZSI6MTIwMDAwMDAwMDAwMH0sInNjaGVtYV92ZXJzaW9uIjoiMSJ9",
          "dependencies": [
            "aws_vpc.dip_terraform"
          ]
        }
      ]
    },
    {
      "mode": "managed",
      "type": "aws_subnet",
      "name": "dip_terraform_public_subnet",
      "provider": "provider[\"registry.terraform.io/hashicorp/aws\"]",
      "instances": [
        {
          "schema_version": 1,
          "attributes": {
            "arn": "arn:aws:ec2:us-east-2:216893445815:subnet/subnet-012c565580787cf43",
            "assign_ipv6_address_on_creation": false,
            "availability_zone": "us-east-2b",
            "availability_zone_id": "use2-az2",
            "cidr_block": "10.0.0.0/25",
            "customer_owned_ipv4_pool": "",
            "enable_dns64": false,
            "enable_lni_at_device_index": 0,
            "enable_resource_name_dns_a_record_on_launch": false,
            "enable_resource_name_dns_aaaa_record_on_launch": false,
            "id": "subnet-012c565580787cf43",
            "ipv6_cidr_block": "",
            "ipv6_cidr_block_association_id": "",
            "ipv6_native": false,
            "map_customer_owned_ip_on_launch": false,
            "map_public_ip_on_launch": false,
            "outpost_arn": "",
            "owner_id": "216893445815",
            "private_dns_hostname_type_on_launch": "ip-name",
            "tags": {
              "Name": "dip_terraform_public_subnet"
            },
            "tags_all": {
              "Name": "dip_terraform_public_subnet"
            },
            "timeouts": null,
            "vpc_id": "vpc-0e8d481555ef1ba83"
          },
          "sensitive_attributes": [],
          "private": "eyJlMmJmYjczMC1lY2FhLTExZTYtOGY4OC0zNDM2M2JjN2M0YzAiOnsiY3JlYXRlIjo2MDAwMDAwMDAwMDAsImRlbGV0ZSI6MTIwMDAwMDAwMDAwMH0sInNjaGVtYV92ZXJzaW9uIjoiMSJ9",
          "dependencies": [
            "aws_vpc.dip_terraform"
          ]
        }
      ]
    },
    {
      "mode": "managed",
      "type": "aws_vpc",
      "name": "dip_terraform",
      "provider": "provider[\"registry.terraform.io/hashicorp/aws\"]",
      "instances": [
        {
          "schema_version": 1,
          "attributes": {
            "arn": "arn:aws:ec2:us-east-2:216893445815:vpc/vpc-0e8d481555ef1ba83",
            "assign_generated_ipv6_cidr_block": false,
            "cidr_block": "10.0.0.0/24",
            "default_network_acl_id": "acl-074347552c593a8c9",
            "default_route_table_id": "rtb-0122c02eed2d1ba97",
            "default_security_group_id": "sg-06b3001adf1bfebf6",
            "dhcp_options_id": "dopt-8097d1eb",
            "enable_classiclink": false,
            "enable_classiclink_dns_support": false,
            "enable_dns_hostnames": false,
            "enable_dns_support": true,
            "enable_network_address_usage_metrics": false,
            "id": "vpc-0e8d481555ef1ba83",
            "instance_tenancy": "default",
            "ipv4_ipam_pool_id": null,
            "ipv4_netmask_length": null,
            "ipv6_association_id": "",
            "ipv6_cidr_block": "",
            "ipv6_cidr_block_network_border_group": "",
            "ipv6_ipam_pool_id": "",
            "ipv6_netmask_length": 0,
            "main_route_table_id": "rtb-0122c02eed2d1ba97",
            "owner_id": "216893445815",
            "tags": {
              "Name": "dip_terraform"
            },
            "tags_all": {
              "Name": "dip_terraform"
            }
          },
          "sensitive_attributes": [],
          "private": "eyJzY2hlbWFfdmVyc2lvbiI6IjEifQ=="
        }
      ]
    },
    {
      "mode": "managed",
      "type": "local_file",
      "name": "private_key",
      "provider": "provider[\"registry.terraform.io/hashicorp/local\"]",
      "instances": [
        {
          "schema_version": 0,
          "attributes": {
            "content": "-----BEGIN RSA PRIVATE KEY-----\nMIIJKAIBAAKCAgEAyEuOkc0EiyVsxYI87++PBQeMRQFSOs8b9Ul+FTqHMGGwmGK5\nV8uICwUccGfQf85R7J5MYb4d558qdALUKicBx2TaUGVWF8m9eSxp/eJRSpwQOyIK\nY9ZXakrc3S6PbhbdHbz6Za65k6w/xcbGoPnmnE97oM4upOosgEGpPYkdp92A69Tf\n/DY8dzxqq9WLsjVO4P/YINqo59sgw9fwxXZbzUUxd4SzRc6TuOHPCQEUOz3WiCJp\nKVnGj/8P0jgMtyurOR2FNrpPcJmwP+QdBjFaEZouj97fxS4r5CTmLDql9jI8xQ6J\nwaJM68xWkgfXdim8uDBVzfhyc0jnksuG4I5JucBl0n14AMrJVOgGB/oiccXk6Xkb\nivutfXp1Gi3H5gOh4YMXW6/fhJaq8VEh/IIVYurwzTpDh2RY4o6iFZUUgriMO2mN\nMnCmQW8lYLBAUAJlkxUChTC1/zfWpvpU8r/J9GUh+fGUGTYNrf7UC0xwMB1mdLMv\nx74epuLcN0LckhjYGkHR90Z68A9T/GxXr5Rq3ypMBJjZFgM78CQYqP7cN5VoZSyA\n1i9U/jzkniuEP3eaiGXIaqH+YvLruKad0U7XwKjZceqzznxfFNzAA+hdU2tOpSvL\nkdmYL42JpEDAkSUwui1Xk2Z9BKaOcWxd/cDBtJJc0vJMYyGkbv7IxDOMCjUCAwEA\nAQKCAgBad/I9/dXjCbTvIyvmDhTR5z5evsGHCZwttxPJf+WnH0DWG6Vut+JLY/Qb\n+3AsAiNz1m5Wqbo1L+nLe6mcHoFJsE6BiLwRw5Ae5sY7JBmmswYLx4zc2mgifQz0\npH6pcY9PStfozLpKrr8hVG7MMAQPL0F+eRKNb65JAh9wyXmJJF4CZ2UCNPcrvjDK\nS4qtJDHsI/NZp5oqG4pZmzRH5HWDqpC01M3qpmuH0wqiHQgn1/8J/0zznfa3fLQH\nNkTcCU/t3N0aQp32FJ0MxrqrXOg7UiJc3oTBOeEeS+JhMN5cbQWQ1ke3m9jVmrax\nf/Q8jY6NvVtMTL9ZPiFG50IVNH+spyZNrukM411TRs3qBkWdmOpQ+cL/4z5/1ylM\nAE0y8TzMZMquzUfGIkKk+ckD3iXT2dAdUz1W96FHEROwmlQ0n0SpOWlmvUiPORnO\nFlqr9OfLZXYKw5n9vn6axlG79rdnXn3yaIdC8D99asfJcoR2l+X5ZTptgCYlypQ/\nvdP2UOaaGcMHA1yA9EHYEZbBtPiQ5GvoGerJc/3t8KHp5fa6Fz/LYa7ybJUFxYNf\nm6j3fyZNbeMPlH3oxWNyf5HXaixKX1pmddZRuiF0lTE6zI7lRHHxu0k7reXY4VK8\nX/exY0EUKVsg3THwQ6lqfx6pa+YWHkZB0GUErVL1ItCGd5xREwKCAQEA0B6Duj0H\nVBx4rqnFK/GT1hjKbSqynRAFUz268Vb0SNzt/R5JSIJAgn8ubC7FlQv/UYHS0vak\n1AuF6Q+mfbXeZCw8+dc4XrPFwWVkJxXZvGolwHTI0FZdcJO4RaYK9moWnzf9lO70\nqpf9q+MV+7UWECoyxnXhYtxYY2fVECXo0phtqhzdSQ0VvBoHRHPqgrhyFvelYNew\nPnAkOxgdYsfS3WQMEU6a0JWhWVT7j4YMYxqKYT1SqfF5qvrfdPJQ72DJqWEfmuz7\nSPWrv6roYquRhUBiq36WXMjH/5L8gz4Bq9vQVUJc7uzJDAuZNbg/nVvsk1xcv/bL\nFOrspfOPTSyGtwKCAQEA9mA7tozRjGo8z3unyxXAaVTWY1XjvE1aAiqKflxF3lmu\nmt7kmDIe6a4Mg0kwfYDa/s3GOLKxvHQZkFjaRLWoA5KCFmMAEgOIc2MjPU9ni3fk\n0gW9pGXu+guItIO2vAFnzcOLnG7NUIOenmdc/wGMk6q6Kuz2EdJKjEnIt7eHdO62\nxdGOW17CTFF3CQRiS8NVonfE1RsBibMVuNva5Km68i1cb5zl5BTt9CSMNLPRueYT\nNn7X/kyCBwef3E4JOxAHdEiJlsR0cEExz7RHJC4GalzjRPhP92lK7XBRCS+CNCeq\nr89ZwfGtSI4GfV8CN2nupoXmBERMAeII945ue5qqcwKCAQAKv9i78NUFEidllh06\nBNNG9qbV9qOdGyu7Pe/+8SfS755XOY49cYTVeK40JkJMTX9VfWgfP2AKF8JF5GoM\nCi2/bM2FdglSUuS+9Xaz0hwZ8D2c8CtDH4LaArc82bOtQJOEi8bMP39hpFIU47jJ\n9HN8SEGxIHuQuKLUF5PYrqyU3AymAbGoSUW7HnkLnxUYxWAXMZlYJCvVPcORTdCO\nvpV0m+tHpZC3f1MDIzGPGzRelgtZtGolnvRS0XxjNPTbOFuSJRMV1HGyNgY18yTn\nm8b7Y/T0uKgZiMFTwQrL2JMLhmH/VVspeA92UM8MCEU44nuYrOeZfqzEmtG4TJk1\nOjyHAoIBAFi6W4bou+ans/K9A7a9xKeqZ/MqUXPVH588Fthe/sKO5bTcpNKy6jMZ\n/WOijhYEu9mb3dE5eYz2+uXjOegYy8NNlg/d436ZSyDTCTPhTtcJfJyueJemJiRi\n1v67mKmoj+uoirTxqntei1dcvj8QHcJob9dZs1zDsRlI0UJolB3mgmhHic8aFztI\n82eJ7qR+Wm7CV16v9SPUHPSQKQrEnZDuCSYhCSHU78VHDD9GqzcZxr2PfNYWU5WY\nh1fdurFMmoKkRPjJE24B7KByulQrRyAzB54lFxdxEgzksCpws6F4z521PQv9r3w7\nudaYysGOIuZRvn624fCjqLsOzncxQkUCggEBAL3Pb7nME/Gn7RGBRfS0cPaS19+E\nXjeMeCt0rR4j8EtrHVjHyvEjOVe3Q9bu+tnksz35zM5MaXCf2l6wrdv+2w1v45bX\n32nwogGJ8MHelg1wisVORPUEAx6HGOdhN1COQuWPzxuZrvCzGYTUejBfmSsoJ3sH\ndWF76LIxAluz/unIE/0GBbcP5/9VEuv5TKaIEvk+KY39wy+GXgOjg1YkvUPTQMr9\nY0fIZ0RQwH0yT6BlyMDsk7DnXDvlxAL/ASDw8jbIxg9eeeYUrI+ob5Zuqasy1JQ4\nUlHRUpTM38O2LuxYnER3/ojko1UXDZYF7+/qREMG8G5VT85vtKxIM8rNEds=\n-----END RSA PRIVATE KEY-----\n",
            "content_base64": null,
            "content_base64sha256": "KohW1pqq48FQAfLUXeukoCJmWrTMbnmFJd4oysisTn4=",
            "content_base64sha512": "xM2nE2c5do54Ey8WaH8FHi/CRQLl9gQ5tMW3lS+4kT2c8heLCK0vQSJ2yKmapqLeMriCI1tFYO7X5DPXKhUWog==",
            "content_md5": "bb1698bb55cfdddff2de769e9d734bd5",
            "content_sha1": "b4878550b51d58320b2362c7256ef98f48205e1d",
            "content_sha256": "2a8856d69aaae3c15001f2d45deba4a022665ab4cc6e798525de28cac8ac4e7e",
            "content_sha512": "c4cda7136739768e78132f16687f051e2fc24502e5f60439b4c5b7952fb8913d9cf2178b08ad2f412276c8a99aa6a2de32b882235b4560eed7e433d72a1516a2",
            "directory_permission": "0777",
            "file_permission": "0777",
            "filename": "dip_terraform_key.pem",
            "id": "b4878550b51d58320b2362c7256ef98f48205e1d",
            "sensitive_content": null,
            "source": null
          },
          "sensitive_attributes": [
            [
              {
                "type": "get_attr",
                "value": "sensitive_content"
              }
            ],
            [
              {
                "type": "get_attr",
                "value": "content"
              }
            ]
          ],
          "dependencies": [
            "tls_private_key.private_key"
          ]
        }
      ]
    },
    {
      "mode": "managed",
      "type": "tls_private_key",
      "name": "private_key",
      "provider": "provider[\"registry.terraform.io/hashicorp/tls\"]",
      "instances": [
        {
          "schema_version": 1,
          "attributes": {
            "algorithm": "RSA",
            "ecdsa_curve": "P224",
            "id": "b561d3c67bdc387fbca7d60506eb77bbe9b11594",
            "private_key_openssh": "-----BEGIN OPENSSH PRIVATE KEY-----\nb3BlbnNzaC1rZXktdjEAAAAABG5vbmUAAAAEbm9uZQAAAAAAAAABAAACFwAAAAdz\nc2gtcnNhAAAAAwEAAQAAAgEAyEuOkc0EiyVsxYI87++PBQeMRQFSOs8b9Ul+FTqH\nMGGwmGK5V8uICwUccGfQf85R7J5MYb4d558qdALUKicBx2TaUGVWF8m9eSxp/eJR\nSpwQOyIKY9ZXakrc3S6PbhbdHbz6Za65k6w/xcbGoPnmnE97oM4upOosgEGpPYkd\np92A69Tf/DY8dzxqq9WLsjVO4P/YINqo59sgw9fwxXZbzUUxd4SzRc6TuOHPCQEU\nOz3WiCJpKVnGj/8P0jgMtyurOR2FNrpPcJmwP+QdBjFaEZouj97fxS4r5CTmLDql\n9jI8xQ6JwaJM68xWkgfXdim8uDBVzfhyc0jnksuG4I5JucBl0n14AMrJVOgGB/oi\nccXk6XkbivutfXp1Gi3H5gOh4YMXW6/fhJaq8VEh/IIVYurwzTpDh2RY4o6iFZUU\ngriMO2mNMnCmQW8lYLBAUAJlkxUChTC1/zfWpvpU8r/J9GUh+fGUGTYNrf7UC0xw\nMB1mdLMvx74epuLcN0LckhjYGkHR90Z68A9T/GxXr5Rq3ypMBJjZFgM78CQYqP7c\nN5VoZSyA1i9U/jzkniuEP3eaiGXIaqH+YvLruKad0U7XwKjZceqzznxfFNzAA+hd\nU2tOpSvLkdmYL42JpEDAkSUwui1Xk2Z9BKaOcWxd/cDBtJJc0vJMYyGkbv7IxDOM\nCjUAAAc405+jaNOfo2gAAAAHc3NoLXJzYQAAAgEAyEuOkc0EiyVsxYI87++PBQeM\nRQFSOs8b9Ul+FTqHMGGwmGK5V8uICwUccGfQf85R7J5MYb4d558qdALUKicBx2Ta\nUGVWF8m9eSxp/eJRSpwQOyIKY9ZXakrc3S6PbhbdHbz6Za65k6w/xcbGoPnmnE97\noM4upOosgEGpPYkdp92A69Tf/DY8dzxqq9WLsjVO4P/YINqo59sgw9fwxXZbzUUx\nd4SzRc6TuOHPCQEUOz3WiCJpKVnGj/8P0jgMtyurOR2FNrpPcJmwP+QdBjFaEZou\nj97fxS4r5CTmLDql9jI8xQ6JwaJM68xWkgfXdim8uDBVzfhyc0jnksuG4I5JucBl\n0n14AMrJVOgGB/oiccXk6XkbivutfXp1Gi3H5gOh4YMXW6/fhJaq8VEh/IIVYurw\nzTpDh2RY4o6iFZUUgriMO2mNMnCmQW8lYLBAUAJlkxUChTC1/zfWpvpU8r/J9GUh\n+fGUGTYNrf7UC0xwMB1mdLMvx74epuLcN0LckhjYGkHR90Z68A9T/GxXr5Rq3ypM\nBJjZFgM78CQYqP7cN5VoZSyA1i9U/jzkniuEP3eaiGXIaqH+YvLruKad0U7XwKjZ\nceqzznxfFNzAA+hdU2tOpSvLkdmYL42JpEDAkSUwui1Xk2Z9BKaOcWxd/cDBtJJc\n0vJMYyGkbv7IxDOMCjUAAAADAQABAAACAFp38j391eMJtO8jK+YOFNHnPl6+wYcJ\nnC23E8l/5acfQNYbpW634ktj9Bv7cCwCI3PWblapujUv6ct7qZwegUmwToGIvBHD\nkB7mxjskGaazBgvHjNzaaCJ9DPSkfqlxj09K1+jMukquvyFUbswwBA8vQX55Eo1v\nrkkCH3DJeYkkXgJnZQI09yu+MMpLiq0kMewj81mnmiobilmbNEfkdYOqkLTUzeqm\na4fTCqIdCCfX/wn/TPOd9rd8tAc2RNwJT+3c3RpCnfYUnQzGuqtc6DtSIlzehME5\n4R5L4mEw3lxtBZDWR7eb2NWatrF/9DyNjo29W0xMv1k+IUbnQhU0f6ynJk2u6Qzj\nXVNGzeoGRZ2Y6lD5wv/jPn/XKUwATTLxPMxkyq7NR8YiQqT5yQPeJdPZ0B1TPVb3\noUcRE7CaVDSfRKk5aWa9SI85Gc4WWqv058tldgrDmf2+fprGUbv2t2deffJoh0Lw\nP31qx8lyhHaX5fllOm2AJiXKlD+90/ZQ5poZwwcDXID0QdgRlsG0+JDka+gZ6slz\n/e3woenl9roXP8thrvJslQXFg1+bqPd/Jk1t4w+UfejFY3J/kddqLEpfWmZ11lG6\nIXSVMTrMjuVEcfG7STut5djhUrxf97FjQRQpWyDdMfBDqWp/Hqlr5hYeRkHQZQSt\nUvUi0IZ3nFETAAABAQC9z2+5zBPxp+0RgUX0tHD2ktffhF43jHgrdK0eI/BLax1Y\nx8rxIzlXt0PW7vrZ5LM9+czOTGlwn9pesK3b/tsNb+OW199p8KIBifDB3pYNcIrF\nTkT1BAMehxjnYTdQjkLlj88bma7wsxmE1HowX5krKCd7B3Vhe+iyMQJbs/7pyBP9\nBgW3D+f/VRLr+UymiBL5PimN/cMvhl4Do4NWJL1D00DK/WNHyGdEUMB9Mk+gZcjA\n7JOw51w75cQC/wEg8PI2yMYPXnnmFKyPqG+WbqmrMtSUOFJR0VKUzN/Dti7sWJxE\nd/6I5KNVFw2WBe/v6kRDBvBuVU/Ob7SsSDPKzRHbAAABAQDQHoO6PQdUHHiuqcUr\n8ZPWGMptKrKdEAVTPbrxVvRI3O39HklIgkCCfy5sLsWVC/9RgdLS9qTUC4XpD6Z9\ntd5kLDz51zhes8XBZWQnFdm8aiXAdMjQVl1wk7hFpgr2ahafN/2U7vSql/2r4xX7\ntRYQKjLGdeFi3FhjZ9UQJejSmG2qHN1JDRW8GgdEc+qCuHIW96Vg17A+cCQ7GB1i\nx9LdZAwRTprQlaFZVPuPhgxjGophPVKp8Xmq+t908lDvYMmpYR+a7PtI9au/quhi\nq5GFQGKrfpZcyMf/kvyDPgGr29BVQlzu7MkMC5k1uD+dW+yTXFy/9ssU6uyl849N\nLIa3AAABAQD2YDu2jNGMajzPe6fLFcBpVNZjVeO8TVoCKop+XEXeWa6a3uSYMh7p\nrgyDSTB9gNr+zcY4srG8dBmQWNpEtagDkoIWYwASA4hzYyM9T2eLd+TSBb2kZe76\nC4i0g7a8AWfNw4ucbs1Qg56eZ1z/AYyTqroq7PYR0kqMSci3t4d07rbF0Y5bXsJM\nUXcJBGJLw1Wid8TVGwGJsxW429rkqbryLVxvnOXkFO30JIw0s9G55hM2ftf+TIIH\nB5/cTgk7EAd0SImWxHRwQTHPtEckLgZqXONE+E/3aUrtcFEJL4I0J6qvz1nB8a1I\njgZ9XwI3ae6mheYEREwB4gj3jm57mqpzAAAAAAEC\n-----END OPENSSH PRIVATE KEY-----\n",
            "private_key_pem": "-----BEGIN RSA PRIVATE KEY-----\nMIIJKAIBAAKCAgEAyEuOkc0EiyVsxYI87++PBQeMRQFSOs8b9Ul+FTqHMGGwmGK5\nV8uICwUccGfQf85R7J5MYb4d558qdALUKicBx2TaUGVWF8m9eSxp/eJRSpwQOyIK\nY9ZXakrc3S6PbhbdHbz6Za65k6w/xcbGoPnmnE97oM4upOosgEGpPYkdp92A69Tf\n/DY8dzxqq9WLsjVO4P/YINqo59sgw9fwxXZbzUUxd4SzRc6TuOHPCQEUOz3WiCJp\nKVnGj/8P0jgMtyurOR2FNrpPcJmwP+QdBjFaEZouj97fxS4r5CTmLDql9jI8xQ6J\nwaJM68xWkgfXdim8uDBVzfhyc0jnksuG4I5JucBl0n14AMrJVOgGB/oiccXk6Xkb\nivutfXp1Gi3H5gOh4YMXW6/fhJaq8VEh/IIVYurwzTpDh2RY4o6iFZUUgriMO2mN\nMnCmQW8lYLBAUAJlkxUChTC1/zfWpvpU8r/J9GUh+fGUGTYNrf7UC0xwMB1mdLMv\nx74epuLcN0LckhjYGkHR90Z68A9T/GxXr5Rq3ypMBJjZFgM78CQYqP7cN5VoZSyA\n1i9U/jzkniuEP3eaiGXIaqH+YvLruKad0U7XwKjZceqzznxfFNzAA+hdU2tOpSvL\nkdmYL42JpEDAkSUwui1Xk2Z9BKaOcWxd/cDBtJJc0vJMYyGkbv7IxDOMCjUCAwEA\nAQKCAgBad/I9/dXjCbTvIyvmDhTR5z5evsGHCZwttxPJf+WnH0DWG6Vut+JLY/Qb\n+3AsAiNz1m5Wqbo1L+nLe6mcHoFJsE6BiLwRw5Ae5sY7JBmmswYLx4zc2mgifQz0\npH6pcY9PStfozLpKrr8hVG7MMAQPL0F+eRKNb65JAh9wyXmJJF4CZ2UCNPcrvjDK\nS4qtJDHsI/NZp5oqG4pZmzRH5HWDqpC01M3qpmuH0wqiHQgn1/8J/0zznfa3fLQH\nNkTcCU/t3N0aQp32FJ0MxrqrXOg7UiJc3oTBOeEeS+JhMN5cbQWQ1ke3m9jVmrax\nf/Q8jY6NvVtMTL9ZPiFG50IVNH+spyZNrukM411TRs3qBkWdmOpQ+cL/4z5/1ylM\nAE0y8TzMZMquzUfGIkKk+ckD3iXT2dAdUz1W96FHEROwmlQ0n0SpOWlmvUiPORnO\nFlqr9OfLZXYKw5n9vn6axlG79rdnXn3yaIdC8D99asfJcoR2l+X5ZTptgCYlypQ/\nvdP2UOaaGcMHA1yA9EHYEZbBtPiQ5GvoGerJc/3t8KHp5fa6Fz/LYa7ybJUFxYNf\nm6j3fyZNbeMPlH3oxWNyf5HXaixKX1pmddZRuiF0lTE6zI7lRHHxu0k7reXY4VK8\nX/exY0EUKVsg3THwQ6lqfx6pa+YWHkZB0GUErVL1ItCGd5xREwKCAQEA0B6Duj0H\nVBx4rqnFK/GT1hjKbSqynRAFUz268Vb0SNzt/R5JSIJAgn8ubC7FlQv/UYHS0vak\n1AuF6Q+mfbXeZCw8+dc4XrPFwWVkJxXZvGolwHTI0FZdcJO4RaYK9moWnzf9lO70\nqpf9q+MV+7UWECoyxnXhYtxYY2fVECXo0phtqhzdSQ0VvBoHRHPqgrhyFvelYNew\nPnAkOxgdYsfS3WQMEU6a0JWhWVT7j4YMYxqKYT1SqfF5qvrfdPJQ72DJqWEfmuz7\nSPWrv6roYquRhUBiq36WXMjH/5L8gz4Bq9vQVUJc7uzJDAuZNbg/nVvsk1xcv/bL\nFOrspfOPTSyGtwKCAQEA9mA7tozRjGo8z3unyxXAaVTWY1XjvE1aAiqKflxF3lmu\nmt7kmDIe6a4Mg0kwfYDa/s3GOLKxvHQZkFjaRLWoA5KCFmMAEgOIc2MjPU9ni3fk\n0gW9pGXu+guItIO2vAFnzcOLnG7NUIOenmdc/wGMk6q6Kuz2EdJKjEnIt7eHdO62\nxdGOW17CTFF3CQRiS8NVonfE1RsBibMVuNva5Km68i1cb5zl5BTt9CSMNLPRueYT\nNn7X/kyCBwef3E4JOxAHdEiJlsR0cEExz7RHJC4GalzjRPhP92lK7XBRCS+CNCeq\nr89ZwfGtSI4GfV8CN2nupoXmBERMAeII945ue5qqcwKCAQAKv9i78NUFEidllh06\nBNNG9qbV9qOdGyu7Pe/+8SfS755XOY49cYTVeK40JkJMTX9VfWgfP2AKF8JF5GoM\nCi2/bM2FdglSUuS+9Xaz0hwZ8D2c8CtDH4LaArc82bOtQJOEi8bMP39hpFIU47jJ\n9HN8SEGxIHuQuKLUF5PYrqyU3AymAbGoSUW7HnkLnxUYxWAXMZlYJCvVPcORTdCO\nvpV0m+tHpZC3f1MDIzGPGzRelgtZtGolnvRS0XxjNPTbOFuSJRMV1HGyNgY18yTn\nm8b7Y/T0uKgZiMFTwQrL2JMLhmH/VVspeA92UM8MCEU44nuYrOeZfqzEmtG4TJk1\nOjyHAoIBAFi6W4bou+ans/K9A7a9xKeqZ/MqUXPVH588Fthe/sKO5bTcpNKy6jMZ\n/WOijhYEu9mb3dE5eYz2+uXjOegYy8NNlg/d436ZSyDTCTPhTtcJfJyueJemJiRi\n1v67mKmoj+uoirTxqntei1dcvj8QHcJob9dZs1zDsRlI0UJolB3mgmhHic8aFztI\n82eJ7qR+Wm7CV16v9SPUHPSQKQrEnZDuCSYhCSHU78VHDD9GqzcZxr2PfNYWU5WY\nh1fdurFMmoKkRPjJE24B7KByulQrRyAzB54lFxdxEgzksCpws6F4z521PQv9r3w7\nudaYysGOIuZRvn624fCjqLsOzncxQkUCggEBAL3Pb7nME/Gn7RGBRfS0cPaS19+E\nXjeMeCt0rR4j8EtrHVjHyvEjOVe3Q9bu+tnksz35zM5MaXCf2l6wrdv+2w1v45bX\n32nwogGJ8MHelg1wisVORPUEAx6HGOdhN1COQuWPzxuZrvCzGYTUejBfmSsoJ3sH\ndWF76LIxAluz/unIE/0GBbcP5/9VEuv5TKaIEvk+KY39wy+GXgOjg1YkvUPTQMr9\nY0fIZ0RQwH0yT6BlyMDsk7DnXDvlxAL/ASDw8jbIxg9eeeYUrI+ob5Zuqasy1JQ4\nUlHRUpTM38O2LuxYnER3/ojko1UXDZYF7+/qREMG8G5VT85vtKxIM8rNEds=\n-----END RSA PRIVATE KEY-----\n",
            "private_key_pem_pkcs8": "-----BEGIN PRIVATE KEY-----\nMIIJQgIBADANBgkqhkiG9w0BAQEFAASCCSwwggkoAgEAAoICAQDIS46RzQSLJWzF\ngjzv748FB4xFAVI6zxv1SX4VOocwYbCYYrlXy4gLBRxwZ9B/zlHsnkxhvh3nnyp0\nAtQqJwHHZNpQZVYXyb15LGn94lFKnBA7Igpj1ldqStzdLo9uFt0dvPplrrmTrD/F\nxsag+eacT3ugzi6k6iyAQak9iR2n3YDr1N/8Njx3PGqr1YuyNU7g/9gg2qjn2yDD\n1/DFdlvNRTF3hLNFzpO44c8JARQ7PdaIImkpWcaP/w/SOAy3K6s5HYU2uk9wmbA/\n5B0GMVoRmi6P3t/FLivkJOYsOqX2MjzFDonBokzrzFaSB9d2Kby4MFXN+HJzSOeS\ny4bgjkm5wGXSfXgAyslU6AYH+iJxxeTpeRuK+619enUaLcfmA6Hhgxdbr9+Elqrx\nUSH8ghVi6vDNOkOHZFjijqIVlRSCuIw7aY0ycKZBbyVgsEBQAmWTFQKFMLX/N9am\n+lTyv8n0ZSH58ZQZNg2t/tQLTHAwHWZ0sy/Hvh6m4tw3QtySGNgaQdH3RnrwD1P8\nbFevlGrfKkwEmNkWAzvwJBio/tw3lWhlLIDWL1T+POSeK4Q/d5qIZchqof5i8uu4\npp3RTtfAqNlx6rPOfF8U3MAD6F1Ta06lK8uR2ZgvjYmkQMCRJTC6LVeTZn0Epo5x\nbF39wMG0klzS8kxjIaRu/sjEM4wKNQIDAQABAoICAFp38j391eMJtO8jK+YOFNHn\nPl6+wYcJnC23E8l/5acfQNYbpW634ktj9Bv7cCwCI3PWblapujUv6ct7qZwegUmw\nToGIvBHDkB7mxjskGaazBgvHjNzaaCJ9DPSkfqlxj09K1+jMukquvyFUbswwBA8v\nQX55Eo1vrkkCH3DJeYkkXgJnZQI09yu+MMpLiq0kMewj81mnmiobilmbNEfkdYOq\nkLTUzeqma4fTCqIdCCfX/wn/TPOd9rd8tAc2RNwJT+3c3RpCnfYUnQzGuqtc6DtS\nIlzehME54R5L4mEw3lxtBZDWR7eb2NWatrF/9DyNjo29W0xMv1k+IUbnQhU0f6yn\nJk2u6QzjXVNGzeoGRZ2Y6lD5wv/jPn/XKUwATTLxPMxkyq7NR8YiQqT5yQPeJdPZ\n0B1TPVb3oUcRE7CaVDSfRKk5aWa9SI85Gc4WWqv058tldgrDmf2+fprGUbv2t2de\nffJoh0LwP31qx8lyhHaX5fllOm2AJiXKlD+90/ZQ5poZwwcDXID0QdgRlsG0+JDk\na+gZ6slz/e3woenl9roXP8thrvJslQXFg1+bqPd/Jk1t4w+UfejFY3J/kddqLEpf\nWmZ11lG6IXSVMTrMjuVEcfG7STut5djhUrxf97FjQRQpWyDdMfBDqWp/Hqlr5hYe\nRkHQZQStUvUi0IZ3nFETAoIBAQDQHoO6PQdUHHiuqcUr8ZPWGMptKrKdEAVTPbrx\nVvRI3O39HklIgkCCfy5sLsWVC/9RgdLS9qTUC4XpD6Z9td5kLDz51zhes8XBZWQn\nFdm8aiXAdMjQVl1wk7hFpgr2ahafN/2U7vSql/2r4xX7tRYQKjLGdeFi3FhjZ9UQ\nJejSmG2qHN1JDRW8GgdEc+qCuHIW96Vg17A+cCQ7GB1ix9LdZAwRTprQlaFZVPuP\nhgxjGophPVKp8Xmq+t908lDvYMmpYR+a7PtI9au/quhiq5GFQGKrfpZcyMf/kvyD\nPgGr29BVQlzu7MkMC5k1uD+dW+yTXFy/9ssU6uyl849NLIa3AoIBAQD2YDu2jNGM\najzPe6fLFcBpVNZjVeO8TVoCKop+XEXeWa6a3uSYMh7prgyDSTB9gNr+zcY4srG8\ndBmQWNpEtagDkoIWYwASA4hzYyM9T2eLd+TSBb2kZe76C4i0g7a8AWfNw4ucbs1Q\ng56eZ1z/AYyTqroq7PYR0kqMSci3t4d07rbF0Y5bXsJMUXcJBGJLw1Wid8TVGwGJ\nsxW429rkqbryLVxvnOXkFO30JIw0s9G55hM2ftf+TIIHB5/cTgk7EAd0SImWxHRw\nQTHPtEckLgZqXONE+E/3aUrtcFEJL4I0J6qvz1nB8a1IjgZ9XwI3ae6mheYEREwB\n4gj3jm57mqpzAoIBAAq/2Lvw1QUSJ2WWHToE00b2ptX2o50bK7s97/7xJ9Lvnlc5\njj1xhNV4rjQmQkxNf1V9aB8/YAoXwkXkagwKLb9szYV2CVJS5L71drPSHBnwPZzw\nK0MfgtoCtzzZs61Ak4SLxsw/f2GkUhTjuMn0c3xIQbEge5C4otQXk9iurJTcDKYB\nsahJRbseeQufFRjFYBcxmVgkK9U9w5FN0I6+lXSb60elkLd/UwMjMY8bNF6WC1m0\naiWe9FLRfGM09Ns4W5IlExXUcbI2BjXzJOebxvtj9PS4qBmIwVPBCsvYkwuGYf9V\nWyl4D3ZQzwwIRTjie5is55l+rMSa0bhMmTU6PIcCggEAWLpbhui75qez8r0Dtr3E\np6pn8ypRc9UfnzwW2F7+wo7ltNyk0rLqMxn9Y6KOFgS72Zvd0Tl5jPb65eM56BjL\nw02WD93jfplLINMJM+FO1wl8nK54l6YmJGLW/ruYqaiP66iKtPGqe16LV1y+PxAd\nwmhv11mzXMOxGUjRQmiUHeaCaEeJzxoXO0jzZ4nupH5absJXXq/1I9Qc9JApCsSd\nkO4JJiEJIdTvxUcMP0arNxnGvY981hZTlZiHV926sUyagqRE+MkTbgHsoHK6VCtH\nIDMHniUXF3ESDOSwKnCzoXjPnbU9C/2vfDu51pjKwY4i5lG+frbh8KOouw7OdzFC\nRQKCAQEAvc9vucwT8aftEYFF9LRw9pLX34ReN4x4K3StHiPwS2sdWMfK8SM5V7dD\n1u762eSzPfnMzkxpcJ/aXrCt2/7bDW/jltffafCiAYnwwd6WDXCKxU5E9QQDHocY\n52E3UI5C5Y/PG5mu8LMZhNR6MF+ZKygnewd1YXvosjECW7P+6cgT/QYFtw/n/1US\n6/lMpogS+T4pjf3DL4ZeA6ODViS9Q9NAyv1jR8hnRFDAfTJPoGXIwOyTsOdcO+XE\nAv8BIPDyNsjGD1555hSsj6hvlm6pqzLUlDhSUdFSlMzfw7Yu7FicRHf+iOSjVRcN\nlgXv7+pEQwbwblVPzm+0rEgzys0R2w==\n-----END PRIVATE KEY-----\n",
            "public_key_fingerprint_md5": "c2:ca:86:cc:53:8a:3e:92:f6:91:a1:5c:03:8e:d7:79",
            "public_key_fingerprint_sha256": "SHA256:GjfgiyZ+froFevnUy71Mm2mjNJvheCi4ckZg06GGSjk",
            "public_key_openssh": "ssh-rsa AAAAB3NzaC1yc2EAAAADAQABAAACAQDIS46RzQSLJWzFgjzv748FB4xFAVI6zxv1SX4VOocwYbCYYrlXy4gLBRxwZ9B/zlHsnkxhvh3nnyp0AtQqJwHHZNpQZVYXyb15LGn94lFKnBA7Igpj1ldqStzdLo9uFt0dvPplrrmTrD/Fxsag+eacT3ugzi6k6iyAQak9iR2n3YDr1N/8Njx3PGqr1YuyNU7g/9gg2qjn2yDD1/DFdlvNRTF3hLNFzpO44c8JARQ7PdaIImkpWcaP/w/SOAy3K6s5HYU2uk9wmbA/5B0GMVoRmi6P3t/FLivkJOYsOqX2MjzFDonBokzrzFaSB9d2Kby4MFXN+HJzSOeSy4bgjkm5wGXSfXgAyslU6AYH+iJxxeTpeRuK+619enUaLcfmA6Hhgxdbr9+ElqrxUSH8ghVi6vDNOkOHZFjijqIVlRSCuIw7aY0ycKZBbyVgsEBQAmWTFQKFMLX/N9am+lTyv8n0ZSH58ZQZNg2t/tQLTHAwHWZ0sy/Hvh6m4tw3QtySGNgaQdH3RnrwD1P8bFevlGrfKkwEmNkWAzvwJBio/tw3lWhlLIDWL1T+POSeK4Q/d5qIZchqof5i8uu4pp3RTtfAqNlx6rPOfF8U3MAD6F1Ta06lK8uR2ZgvjYmkQMCRJTC6LVeTZn0Epo5xbF39wMG0klzS8kxjIaRu/sjEM4wKNQ==\n",
            "public_key_pem": "-----BEGIN PUBLIC KEY-----\nMIICIjANBgkqhkiG9w0BAQEFAAOCAg8AMIICCgKCAgEAyEuOkc0EiyVsxYI87++P\nBQeMRQFSOs8b9Ul+FTqHMGGwmGK5V8uICwUccGfQf85R7J5MYb4d558qdALUKicB\nx2TaUGVWF8m9eSxp/eJRSpwQOyIKY9ZXakrc3S6PbhbdHbz6Za65k6w/xcbGoPnm\nnE97oM4upOosgEGpPYkdp92A69Tf/DY8dzxqq9WLsjVO4P/YINqo59sgw9fwxXZb\nzUUxd4SzRc6TuOHPCQEUOz3WiCJpKVnGj/8P0jgMtyurOR2FNrpPcJmwP+QdBjFa\nEZouj97fxS4r5CTmLDql9jI8xQ6JwaJM68xWkgfXdim8uDBVzfhyc0jnksuG4I5J\nucBl0n14AMrJVOgGB/oiccXk6XkbivutfXp1Gi3H5gOh4YMXW6/fhJaq8VEh/IIV\nYurwzTpDh2RY4o6iFZUUgriMO2mNMnCmQW8lYLBAUAJlkxUChTC1/zfWpvpU8r/J\n9GUh+fGUGTYNrf7UC0xwMB1mdLMvx74epuLcN0LckhjYGkHR90Z68A9T/GxXr5Rq\n3ypMBJjZFgM78CQYqP7cN5VoZSyA1i9U/jzkniuEP3eaiGXIaqH+YvLruKad0U7X\nwKjZceqzznxfFNzAA+hdU2tOpSvLkdmYL42JpEDAkSUwui1Xk2Z9BKaOcWxd/cDB\ntJJc0vJMYyGkbv7IxDOMCjUCAwEAAQ==\n-----END PUBLIC KEY-----\n",
            "rsa_bits": 4096
          },
          "sensitive_attributes": [
            [
              {
                "type": "get_attr",
                "value": "private_key_openssh"
              }
            ],
            [
              {
                "type": "get_attr",
                "value": "private_key_pem"
              }
            ],
            [
              {
                "type": "get_attr",
                "value": "private_key_pem_pkcs8"
              }
            ]
          ]
        }
      ]
    }
  ],
  "check_results": null
}
